
Microsoft Visual Studio Solution File, Format Version 12.00
# Visual Studio 2013
VisualStudioVersion = 12.0.21005.1
MinimumVisualStudioVersion = 10.0.40219.1
Project("{FAE04EC0-301F-11D3-BF4B-00C04F79EFBC}") = "HelloWorldDesktopApps", "HelloWorldDesktopApps\HelloWorldDesktopApps.csproj", "{52268A9A-80D7-4C2D-A0FB-EBF8277B52DA}"
EndProject
Global
	GlobalSection(SolutionConfigurationPlatforms) = preSolution
		Debug|Any CPU = Debug|Any CPU
		Release|Any CPU = Release|Any CPU
	EndGlobalSection
	GlobalSection(ProjectConfigurationPlatforms) = postSolution
		{52268A9A-80D7-4C2D-A0FB-EBF8277B52DA}.Debug|Any CPU.ActiveCfg = Debug|Any CPU
		{52268A9A-80D7-4C2D-A0FB-EBF8277B52DA}.Debug|Any CPU.Build.0 = Debug|Any CPU
		{52268A9A-80D7-4C2D-A0FB-EBF8277B52DA}.Release|Any CPU.ActiveCfg = Release|Any CPU
		{52268A9A-80D7-4C2D-A0FB-EBF8277B52DA}.Release|Any CPU.Build.0 = Release|Any CPU
	EndGlobalSection
	GlobalSection(SolutionProperties) = preSolution
		HideSolutionNode = FALSE
	EndGlobalSection
EndGlobal
